
Microsoft Visual Studio Solution File, Format Version 12.00
# Visual Studio Version 17
VisualStudioVersion = 17.7.34221.43
MinimumVisualStudioVersion = 10.0.40219.1
Project("{FAE04EC0-301F-11D3-BF4B-00C04F79EFBC}") = "BlazorApp", "BlazorApp.csproj", "{C476CFD5-9050-48BB-AD04-B1D9BC7A144C}"
EndProject
Global
	GlobalSection(SolutionConfigurationPlatforms) = preSolution
		Debug|Any CPU = Debug|Any CPU
		Release|Any CPU = Release|Any CPU
	EndGlobalSection
	GlobalSection(ProjectConfigurationPlatforms) = postSolution
		{C476CFD5-9050-48BB-AD04-B1D9BC7A144C}.Debug|Any CPU.ActiveCfg = Debug|Any CPU
		{C476CFD5-9050-48BB-AD04-B1D9BC7A144C}.Debug|Any CPU.Build.0 = Debug|Any CPU
		{C476CFD5-9050-48BB-AD04-B1D9BC7A144C}.Release|Any CPU.ActiveCfg = Release|Any CPU
		{C476CFD5-9050-48BB-AD04-B1D9BC7A144C}.Release|Any CPU.Build.0 = Release|Any CPU
	EndGlobalSection
	GlobalSection(SolutionProperties) = preSolution
		HideSolutionNode = FALSE
	EndGlobalSection
	GlobalSection(ExtensibilityGlobals) = postSolution
		SolutionGuid = {D55F1074-2228-4C2E-BDE7-6C3F3EE9FC3A}
	EndGlobalSection
EndGlobal
